
Microsoft Visual Studio Solution File, Format Version 12.00
# Visual Studio Version 16
VisualStudioVersion = 16.0.31729.503
MinimumVisualStudioVersion = 10.0.40219.1
Project("{9A19103F-16F7-4668-BE54-9A1E7A4F7556}") = "atik-tespit-sistemi.MVC", "atik-tespit-sistemi.MVC\atik-tespit-sistemi.MVC.csproj", "{E54BB47B-DAF6-4F6F-9C53-57145C9C6586}"
EndProject
Project("{FAE04EC0-301F-11D3-BF4B-00C04F79EFBC}") = "atik-tespit-sistemi.API", "atik-tespit-sistemi.API\atik-tespit-sistemi.API.csproj", "{CD038CCA-C53A-4120-A0A1-7B57E0EA2902}"
EndProject
Global
	GlobalSection(SolutionConfigurationPlatforms) = preSolution
		Debug|Any CPU = Debug|Any CPU
		Release|Any CPU = Release|Any CPU
	EndGlobalSection
	GlobalSection(ProjectConfigurationPlatforms) = postSolution
		{E54BB47B-DAF6-4F6F-9C53-57145C9C6586}.Debug|Any CPU.ActiveCfg = Debug|Any CPU
		{E54BB47B-DAF6-4F6F-9C53-57145C9C6586}.Debug|Any CPU.Build.0 = Debug|Any CPU
		{E54BB47B-DAF6-4F6F-9C53-57145C9C6586}.Release|Any CPU.ActiveCfg = Release|Any CPU
		{E54BB47B-DAF6-4F6F-9C53-57145C9C6586}.Release|Any CPU.Build.0 = Release|Any CPU
		{CD038CCA-C53A-4120-A0A1-7B57E0EA2902}.Debug|Any CPU.ActiveCfg = Debug|Any CPU
		{CD038CCA-C53A-4120-A0A1-7B57E0EA2902}.Debug|Any CPU.Build.0 = Debug|Any CPU
		{CD038CCA-C53A-4120-A0A1-7B57E0EA2902}.Release|Any CPU.ActiveCfg = Release|Any CPU
		{CD038CCA-C53A-4120-A0A1-7B57E0EA2902}.Release|Any CPU.Build.0 = Release|Any CPU
	EndGlobalSection
	GlobalSection(SolutionProperties) = preSolution
		HideSolutionNode = FALSE
	EndGlobalSection
	GlobalSection(ExtensibilityGlobals) = postSolution
		SolutionGuid = {E3476C1D-53F4-403D-9F71-25E106941048}
	EndGlobalSection
EndGlobal
